// !$*UTF8*$!
{
	archiveVersion = 1;
	classes = {
	};
	objectVersion = 46;
	objects = {

/* Begin PBXBuildFile section */
		FE46B4F217B790D900828F4E /* Model.m in Sources */ = {isa = PBXBuildFile; fileRef = FE46B4F117B790D900828F4E /* Model.m */; };
		FEF4F9F617B7658B00AAAC63 /* Cocoa.framework in Frameworks */ = {isa = PBXBuildFile; fileRef = FEF4F9F517B7658B00AAAC63 /* Cocoa.framework */; };
		FEF4FA0017B7658B00AAAC63 /* InfoPlist.strings in Resources */ = {isa = PBXBuildFile; fileRef = FEF4F9FE17B7658B00AAAC63 /* InfoPlist.strings */; };
		FEF4FA0217B7658B00AAAC63 /* main.m in Sources */ = {isa = PBXBuildFile; fileRef = FEF4FA0117B7658B00AAAC63 /* main.m */; };
		FEF4FA0617B7658B00AAAC63 /* Credits.rtf in Resources */ = {isa = PBXBuildFile; fileRef = FEF4FA0417B7658B00AAAC63 /* Credits.rtf */; };
		FEF4FA0917B7658B00AAAC63 /* AppDelegate.m in Sources */ = {isa = PBXBuildFile; fileRef = FEF4FA0817B7658B00AAAC63 /* AppDelegate.m */; };
		FEF4FA0C17B7658B00AAAC63 /* MainMenu.xib in Resources */ = {isa = PBXBuildFile; fileRef = FEF4FA0A17B7658B00AAAC63 /* MainMenu.xib */; };
		FEF4FA1417B7658B00AAAC63 /* SenTestingKit.framework in Frameworks */ = {isa = PBXBuildFile; fileRef = FEF4FA1317B7658B00AAAC63 /* SenTestingKit.framework */; };
		FEF4FA1517B7658B00AAAC63 /* Cocoa.framework in Frameworks */ = {isa = PBXBuildFile; fileRef = FEF4F9F517B7658B00AAAC63 /* Cocoa.framework */; };
		FEF4FA1D17B7658B00AAAC63 /* InfoPlist.strings in Resources */ = {isa = PBXBuildFile; fileRef = FEF4FA1B17B7658B00AAAC63 /* InfoPlist.strings */; };
		FEF4FA2017B7658B00AAAC63 /* imaproTests.m in Sources */ = {isa = PBXBuildFile; fileRef = FEF4FA1F17B7658B00AAAC63 /* imaproTests.m */; };
		FEF4FA2E17B787C300AAAC63 /* Controller.m in Sources */ = {isa = PBXBuildFile; fileRef = FEF4FA2D17B787C300AAAC63 /* Controller.m */; };
/* End PBXBuildFile section */

/* Begin PBXContainerItemProxy section */
		FEF4FA1617B7658B00AAAC63 /* PBXContainerItemProxy */ = {
			isa = PBXContainerItemProxy;
			containerPortal = FEF4F9EA17B7658B00AAAC63 /* Project object */;
			proxyType = 1;
			remoteGlobalIDString = FEF4F9F117B7658B00AAAC63;
			remoteInfo = imapro;
		};
/* End PBXContainerItemProxy section */

/* Begin PBXFileReference section */
		FE46B4F017B790D900828F4E /* Model.h */ = {isa = PBXFileReference; fileEncoding = 4; lastKnownFileType = sourcecode.c.h; path = Model.h; sourceTree = "<group>"; };
		FE46B4F117B790D900828F4E /* Model.m */ = {isa = PBXFileReference; fileEncoding = 4; lastKnownFileType = sourcecode.c.objc; path = Model.m; sourceTree = "<group>"; };
		FEF4F9F217B7658B00AAAC63 /* imapro.app */ = {isa = PBXFileReference; explicitFileType = wrapper.application; includeInIndex = 0; path = imapro.app; sourceTree = BUILT_PRODUCTS_DIR; };
		FEF4F9F517B7658B00AAAC63 /* Cocoa.framework */ = {isa = PBXFileReference; lastKnownFileType = wrapper.framework; name = Cocoa.framework; path = System/Library/Frameworks/Cocoa.framework; sourceTree = SDKROOT; };
		FEF4F9F817B7658B00AAAC63 /* AppKit.framework */ = {isa = PBXFileReference; lastKnownFileType = wrapper.framework; name = AppKit.framework; path = System/Library/Frameworks/AppKit.framework; sourceTree = SDKROOT; };
		FEF4F9F917B7658B00AAAC63 /* CoreData.framework */ = {isa = PBXFileReference; lastKnownFileType = wrapper.framework; name = CoreData.framework; path = System/Library/Frameworks/CoreData.framework; sourceTree = SDKROOT; };
		FEF4F9FA17B7658B00AAAC63 /* Foundation.framework */ = {isa = PBXFileReference; lastKnownFileType = wrapper.framework; name = Foundation.framework; path = System/Library/Frameworks/Foundation.framework; sourceTree = SDKROOT; };
		FEF4F9FD17B7658B00AAAC63 /* imapro-Info.plist */ = {isa = PBXFileReference; lastKnownFileType = text.plist.xml; path = "imapro-Info.plist"; sourceTree = "<group>"; };
		FEF4F9FF17B7658B00AAAC63 /* en */ = {isa = PBXFileReference; lastKnownFileType = text.plist.strings; name = en; path = en.lproj/InfoPlist.strings; sourceTree = "<group>"; };
		FEF4FA0117B7658B00AAAC63 /* main.m */ = {isa = PBXFileReference; lastKnownFileType = sourcecode.c.objc; path = main.m; sourceTree = "<group>"; };
		FEF4FA0317B7658B00AAAC63 /* imapro-Prefix.pch */ = {isa = PBXFileReference; lastKnownFileType = sourcecode.c.h; path = "imapro-Prefix.pch"; sourceTree = "<group>"; };
		FEF4FA0517B7658B00AAAC63 /* en */ = {isa = PBXFileReference; lastKnownFileType = text.rtf; name = en; path = en.lproj/Credits.rtf; sourceTree = "<group>"; };
		FEF4FA0717B7658B00AAAC63 /* AppDelegate.h */ = {isa = PBXFileReference; lastKnownFileType = sourcecode.c.h; path = AppDelegate.h; sourceTree = "<group>"; };
		FEF4FA0817B7658B00AAAC63 /* AppDelegate.m */ = {isa = PBXFileReference; lastKnownFileType = sourcecode.c.objc; path = AppDelegate.m; sourceTree = "<group>"; };
		FEF4FA0B17B7658B00AAAC63 /* en */ = {isa = PBXFileReference; lastKnownFileType = file.xib; name = en; path = en.lproj/MainMenu.xib; sourceTree = "<group>"; };
		FEF4FA1217B7658B00AAAC63 /* imaproTests.octest */ = {isa = PBXFileReference; explicitFileType = wrapper.cfbundle; includeInIndex = 0; path = imaproTests.octest; sourceTree = BUILT_PRODUCTS_DIR; };
		FEF4FA1317B7658B00AAAC63 /* SenTestingKit.framework */ = {isa = PBXFileReference; lastKnownFileType = wrapper.framework; name = SenTestingKit.framework; path = Library/Frameworks/SenTestingKit.framework; sourceTree = DEVELOPER_DIR; };
		FEF4FA1A17B7658B00AAAC63 /* imaproTests-Info.plist */ = {isa = PBXFileReference; lastKnownFileType = text.plist.xml; path = "imaproTests-Info.plist"; sourceTree = "<group>"; };
		FEF4FA1C17B7658B00AAAC63 /* en */ = {isa = PBXFileReference; lastKnownFileType = text.plist.strings; name = en; path = en.lproj/InfoPlist.strings; sourceTree = "<group>"; };
		FEF4FA1E17B7658B00AAAC63 /* imaproTests.h */ = {isa = PBXFileReference; lastKnownFileType = sourcecode.c.h; path = imaproTests.h; sourceTree = "<group>"; };
		FEF4FA1F17B7658B00AAAC63 /* imaproTests.m */ = {isa = PBXFileReference; lastKnownFileType = sourcecode.c.objc; path = imaproTests.m; sourceTree = "<group>"; };
		FEF4FA2C17B787C300AAAC63 /* Controller.h */ = {isa = PBXFileReference; fileEncoding = 4; lastKnownFileType = sourcecode.c.h; path = Controller.h; sourceTree = "<group>"; };
		FEF4FA2D17B787C300AAAC63 /* Controller.m */ = {isa = PBXFileReference; fileEncoding = 4; lastKnownFileType = sourcecode.c.objc; path = Controller.m; sourceTree = "<group>"; };
/* End PBXFileReference section */

/* Begin PBXFrameworksBuildPhase section */
		FEF4F9EF17B7658B00AAAC63 /* Frameworks */ = {
			isa = PBXFrameworksBuildPhase;
			buildActionMask = 2147483647;
			files = (
				FEF4F9F617B7658B00AAAC63 /* Cocoa.framework in Frameworks */,
			);
			runOnlyForDeploymentPostprocessing = 0;
		};
		FEF4FA0E17B7658B00AAAC63 /* Frameworks */ = {
			isa = PBXFrameworksBuildPhase;
			buildActionMask = 2147483647;
			files = (
				FEF4FA1417B7658B00AAAC63 /* SenTestingKit.framework in Frameworks */,
				FEF4FA1517B7658B00AAAC63 /* Cocoa.framework in Frameworks */,
			);
			runOnlyForDeploymentPostprocessing = 0;
		};
/* End PBXFrameworksBuildPhase section */

/* Begin PBXGroup section */
		FEF4F9E917B7658B00AAAC63 = {
			isa = PBXGroup;
			children = (
				FEF4F9FB17B7658B00AAAC63 /* imapro */,
				FEF4FA1817B7658B00AAAC63 /* imaproTests */,
				FEF4F9F417B7658B00AAAC63 /* Frameworks */,
				FEF4F9F317B7658B00AAAC63 /* Products */,
			);
			sourceTree = "<group>";
		};
		FEF4F9F317B7658B00AAAC63 /* Products */ = {
			isa = PBXGroup;
			children = (
				FEF4F9F217B7658B00AAAC63 /* imapro.app */,
				FEF4FA1217B7658B00AAAC63 /* imaproTests.octest */,
			);
			name = Products;
			sourceTree = "<group>";
		};
		FEF4F9F417B7658B00AAAC63 /* Frameworks */ = {
			isa = PBXGroup;
			children = (
				FEF4F9F517B7658B00AAAC63 /* Cocoa.framework */,
				FEF4FA1317B7658B00AAAC63 /* SenTestingKit.framework */,
				FEF4F9F717B7658B00AAAC63 /* Other Frameworks */,
			);
			name = Frameworks;
			sourceTree = "<group>";
		};
		FEF4F9F717B7658B00AAAC63 /* Other Frameworks */ = {
			isa = PBXGroup;
			children = (
				FEF4F9F817B7658B00AAAC63 /* AppKit.framework */,
				FEF4F9F917B7658B00AAAC63 /* CoreData.framework */,
				FEF4F9FA17B7658B00AAAC63 /* Foundation.framework */,
			);
			name = "Other Frameworks";
			sourceTree = "<group>";
		};
		FEF4F9FB17B7658B00AAAC63 /* imapro */ = {
			isa = PBXGroup;
			children = (
				FEF4FA0717B7658B00AAAC63 /* AppDelegate.h */,
				FEF4FA0817B7658B00AAAC63 /* AppDelegate.m */,
				FEF4FA0A17B7658B00AAAC63 /* MainMenu.xib */,
				FEF4FA2C17B787C300AAAC63 /* Controller.h */,
				FEF4FA2D17B787C300AAAC63 /* Controller.m */,
				FE46B4F017B790D900828F4E /* Model.h */,
				FE46B4F117B790D900828F4E /* Model.m */,
				FEF4F9FC17B7658B00AAAC63 /* Supporting Files */,
			);
			path = imapro;
			sourceTree = "<group>";
		};
		FEF4F9FC17B7658B00AAAC63 /* Supporting Files */ = {
			isa = PBXGroup;
			children = (
				FEF4F9FD17B7658B00AAAC63 /* imapro-Info.plist */,
				FEF4F9FE17B7658B00AAAC63 /* InfoPlist.strings */,
				FEF4FA0117B7658B00AAAC63 /* main.m */,
				FEF4FA0317B7658B00AAAC63 /* imapro-Prefix.pch */,
				FEF4FA0417B7658B00AAAC63 /* Credits.rtf */,
			);
			name = "Supporting Files";
			sourceTree = "<group>";
		};
		FEF4FA1817B7658B00AAAC63 /* imaproTests */ = {
			isa = PBXGroup;
			children = (
				FEF4FA1E17B7658B00AAAC63 /* imaproTests.h */,
				FEF4FA1F17B7658B00AAAC63 /* imaproTests.m */,
				FEF4FA1917B7658B00AAAC63 /* Supporting Files */,
			);
			path = imaproTests;
			sourceTree = "<group>";
		};
		FEF4FA1917B7658B00AAAC63 /* Supporting Files */ = {
			isa = PBXGroup;
			children = (
				FEF4FA1A17B7658B00AAAC63 /* imaproTests-Info.plist */,
				FEF4FA1B17B7658B00AAAC63 /* InfoPlist.strings */,
			);
			name = "Supporting Files";
			sourceTree = "<group>";
		};
/* End PBXGroup section */

/* Begin PBXNativeTarget section */
		FEF4F9F117B7658B00AAAC63 /* imapro */ = {
			isa = PBXNativeTarget;
			buildConfigurationList = FEF4FA2317B7658B00AAAC63 /* Build configuration list for PBXNativeTarget "imapro" */;
			buildPhases = (
				FEF4F9EE17B7658B00AAAC63 /* Sources */,
				FEF4F9EF17B7658B00AAAC63 /* Frameworks */,
				FEF4F9F017B7658B00AAAC63 /* Resources */,
			);
			buildRules = (
			);
			dependencies = (
			);
			name = imapro;
			productName = imapro;
			productReference = FEF4F9F217B7658B00AAAC63 /* imapro.app */;
			productType = "com.apple.product-type.application";
		};
		FEF4FA1117B7658B00AAAC63 /* imaproTests */ = {
			isa = PBXNativeTarget;
			buildConfigurationList = FEF4FA2617B7658B00AAAC63 /* Build configuration list for PBXNativeTarget "imaproTests" */;
			buildPhases = (
				FEF4FA0D17B7658B00AAAC63 /* Sources */,
				FEF4FA0E17B7658B00AAAC63 /* Frameworks */,
				FEF4FA0F17B7658B00AAAC63 /* Resources */,
				FEF4FA1017B7658B00AAAC63 /* ShellScript */,
			);
			buildRules = (
			);
			dependencies = (
				FEF4FA1717B7658B00AAAC63 /* PBXTargetDependency */,
			);
			name = imaproTests;
			productName = imaproTests;
			productReference = FEF4FA1217B7658B00AAAC63 /* imaproTests.octest */;
			productType = "com.apple.product-type.bundle";
		};
/* End PBXNativeTarget section */

/* Begin PBXProject section */
		FEF4F9EA17B7658B00AAAC63 /* Project object */ = {
			isa = PBXProject;
			attributes = {
				LastUpgradeCheck = 0460;
				ORGANIZATIONNAME = "馬場 惇";
			};
			buildConfigurationList = FEF4F9ED17B7658B00AAAC63 /* Build configuration list for PBXProject "imapro" */;
			compatibilityVersion = "Xcode 3.2";
			developmentRegion = English;
			hasScannedForEncodings = 0;
			knownRegions = (
				en,
			);
			mainGroup = FEF4F9E917B7658B00AAAC63;
			productRefGroup = FEF4F9F317B7658B00AAAC63 /* Products */;
			projectDirPath = "";
			projectRoot = "";
			targets = (
				FEF4F9F117B7658B00AAAC63 /* imapro */,
				FEF4FA1117B7658B00AAAC63 /* imaproTests */,
			);
		};
/* End PBXProject section */

/* Begin PBXResourcesBuildPhase section */
		FEF4F9F017B7658B00AAAC63 /* Resources */ = {
			isa = PBXResourcesBuildPhase;
			buildActionMask = 2147483647;
			files = (
				FEF4FA0017B7658B00AAAC63 /* InfoPlist.strings in Resources */,
				FEF4FA0617B7658B00AAAC63 /* Credits.rtf in Resources */,
				FEF4FA0C17B7658B00AAAC63 /* MainMenu.xib in Resources */,
			);
			runOnlyForDeploymentPostprocessing = 0;
		};
		FEF4FA0F17B7658B00AAAC63 /* Resources */ = {
			isa = PBXResourcesBuildPhase;
			buildActionMask = 2147483647;
			files = (
				FEF4FA1D17B7658B00AAAC63 /* InfoPlist.strings in Resources */,
			);
			runOnlyForDeploymentPostprocessing = 0;
		};
/* End PBXResourcesBuildPhase section */

/* Begin PBXShellScriptBuildPhase section */
		FEF4FA1017B7658B00AAAC63 /* ShellScript */ = {
			isa = PBXShellScriptBuildPhase;
			buildActionMask = 2147483647;
			files = (
			);
			inputPaths = (
			);
			outputPaths = (
			);
			runOnlyForDeploymentPostprocessing = 0;
			shellPath = /bin/sh;
			shellScript = "# Run the unit tests in this test bundle.\n\"${SYSTEM_DEVELOPER_DIR}/Tools/RunUnitTests\"\n";
		};
/* End PBXShellScriptBuildPhase section */

/* Begin PBXSourcesBuildPhase section */
		FEF4F9EE17B7658B00AAAC63 /* Sources */ = {
			isa = PBXSourcesBuildPhase;
			buildActionMask = 2147483647;
			files = (
				FEF4FA0217B7658B00AAAC63 /* main.m in Sources */,
				FEF4FA0917B7658B00AAAC63 /* AppDelegate.m in Sources */,
				FEF4FA2E17B787C300AAAC63 /* Controller.m in Sources */,
				FE46B4F217B790D900828F4E /* Model.m in Sources */,
			);
			runOnlyForDeploymentPostprocessing = 0;
		};
		FEF4FA0D17B7658B00AAAC63 /* Sources */ = {
			isa = PBXSourcesBuildPhase;
			buildActionMask = 2147483647;
			files = (
				FEF4FA2017B7658B00AAAC63 /* imaproTests.m in Sources */,
			);
			runOnlyForDeploymentPostprocessing = 0;
		};
/* End PBXSourcesBuildPhase section */

/* Begin PBXTargetDependency section */
		FEF4FA1717B7658B00AAAC63 /* PBXTargetDependency */ = {
			isa = PBXTargetDependency;
			target = FEF4F9F117B7658B00AAAC63 /* imapro */;
			targetProxy = FEF4FA1617B7658B00AAAC63 /* PBXContainerItemProxy */;
		};
/* End PBXTargetDependency section */

/* Begin PBXVariantGroup section */
		FEF4F9FE17B7658B00AAAC63 /* InfoPlist.strings */ = {
			isa = PBXVariantGroup;
			children = (
				FEF4F9FF17B7658B00AAAC63 /* en */,
			);
			name = InfoPlist.strings;
			sourceTree = "<group>";
		};
		FEF4FA0417B7658B00AAAC63 /* Credits.rtf */ = {
			isa = PBXVariantGroup;
			children = (
				FEF4FA0517B7658B00AAAC63 /* en */,
			);
			name = Credits.rtf;
			sourceTree = "<group>";
		};
		FEF4FA0A17B7658B00AAAC63 /* MainMenu.xib */ = {
			isa = PBXVariantGroup;
			children = (
				FEF4FA0B17B7658B00AAAC63 /* en */,
			);
			name = MainMenu.xib;
			sourceTree = "<group>";
		};
		FEF4FA1B17B7658B00AAAC63 /* InfoPlist.strings */ = {
			isa = PBXVariantGroup;
			children = (
				FEF4FA1C17B7658B00AAAC63 /* en */,
			);
			name = InfoPlist.strings;
			sourceTree = "<group>";
		};
/* End PBXVariantGroup section */

/* Begin XCBuildConfiguration section */
		FEF4FA2117B7658B00AAAC63 /* Debug */ = {
			isa = XCBuildConfiguration;
			buildSettings = {
				ALWAYS_SEARCH_USER_PATHS = NO;
				ARCHS = "$(ARCHS_STANDARD_64_BIT)";
				CLANG_CXX_LANGUAGE_STANDARD = "gnu++0x";
				CLANG_CXX_LIBRARY = "libc++";
				CLANG_ENABLE_OBJC_ARC = YES;
				CLANG_WARN_CONSTANT_CONVERSION = YES;
				CLANG_WARN_EMPTY_BODY = YES;
				CLANG_WARN_ENUM_CONVERSION = YES;
				CLANG_WARN_INT_CONVERSION = YES;
				CLANG_WARN__DUPLICATE_METHOD_MATCH = YES;
				COPY_PHASE_STRIP = NO;
				GCC_C_LANGUAGE_STANDARD = gnu99;
				GCC_DYNAMIC_NO_PIC = NO;
				GCC_ENABLE_OBJC_EXCEPTIONS = YES;
				GCC_OPTIMIZATION_LEVEL = 0;
				GCC_PREPROCESSOR_DEFINITIONS = (
					"DEBUG=1",
					"$(inherited)",
				);
				GCC_SYMBOLS_PRIVATE_EXTERN = NO;
				GCC_WARN_64_TO_32_BIT_CONVERSION = YES;
				GCC_WARN_ABOUT_RETURN_TYPE = YES;
				GCC_WARN_UNINITIALIZED_AUTOS = YES;
				GCC_WARN_UNUSED_VARIABLE = YES;
				MACOSX_DEPLOYMENT_TARGET = 10.7;
				ONLY_ACTIVE_ARCH = YES;
				SDKROOT = macosx;
			};
			name = Debug;
		};
		FEF4FA2217B7658B00AAAC63 /* Release */ = {
			isa = XCBuildConfiguration;
			buildSettings = {
				ALWAYS_SEARCH_USER_PATHS = NO;
				ARCHS = "$(ARCHS_STANDARD_64_BIT)";
				CLANG_CXX_LANGUAGE_STANDARD = "gnu++0x";
				CLANG_CXX_LIBRARY = "libc++";
				CLANG_ENABLE_OBJC_ARC = YES;
				CLANG_WARN_CONSTANT_CONVERSION = YES;
				CLANG_WARN_EMPTY_BODY = YES;
				CLANG_WARN_ENUM_CONVERSION = YES;
				CLANG_WARN_INT_CONVERSION = YES;
				CLANG_WARN__DUPLICATE_METHOD_MATCH = YES;
				COPY_PHASE_STRIP = YES;
				DEBUG_INFORMATION_FORMAT = "dwarf-with-dsym";
				GCC_C_LANGUAGE_STANDARD = gnu99;
				GCC_ENABLE_OBJC_EXCEPTIONS = YES;
				GCC_WARN_64_TO_32_BIT_CONVERSION = YES;
				GCC_WARN_ABOUT_RETURN_TYPE = YES;
				GCC_WARN_UNINITIALIZED_AUTOS = YES;
				GCC_WARN_UNUSED_VARIABLE = YES;
				MACOSX_DEPLOYMENT_TARGET = 10.7;
				SDKROOT = macosx;
			};
			name = Release;
		};
		FEF4FA2417B7658B00AAAC63 /* Debug */ = {
			isa = XCBuildConfiguration;
			buildSettings = {
				COMBINE_HIDPI_IMAGES = YES;
				GCC_PRECOMPILE_PREFIX_HEADER = YES;
				GCC_PREFIX_HEADER = "imapro/imapro-Prefix.pch";
				INFOPLIST_FILE = "imapro/imapro-Info.plist";
				PRODUCT_NAME = "$(TARGET_NAME)";
				WRAPPER_EXTENSION = app;
			};
			name = Debug;
		};
		FEF4FA2517B7658B00AAAC63 /* Release */ = {
			isa = XCBuildConfiguration;
			buildSettings = {
				COMBINE_HIDPI_IMAGES = YES;
				GCC_PRECOMPILE_PREFIX_HEADER = YES;
				GCC_PREFIX_HEADER = "imapro/imapro-Prefix.pch";
				INFOPLIST_FILE = "imapro/imapro-Info.plist";
				PRODUCT_NAME = "$(TARGET_NAME)";
				WRAPPER_EXTENSION = app;
			};
			name = Release;
		};
		FEF4FA2717B7658B00AAAC63 /* Debug */ = {
			isa = XCBuildConfiguration;
			buildSettings = {
				BUNDLE_LOADER = "$(BUILT_PRODUCTS_DIR)/imapro.app/Contents/MacOS/imapro";
				COMBINE_HIDPI_IMAGES = YES;
				FRAMEWORK_SEARCH_PATHS = "\"$(DEVELOPER_LIBRARY_DIR)/Frameworks\"";
				GCC_PRECOMPILE_PREFIX_HEADER = YES;
				GCC_PREFIX_HEADER = "imapro/imapro-Prefix.pch";
				INFOPLIST_FILE = "imaproTests/imaproTests-Info.plist";
				PRODUCT_NAME = "$(TARGET_NAME)";
				TEST_HOST = "$(BUNDLE_LOADER)";
				WRAPPER_EXTENSION = octest;
			};
			name = Debug;
		};
		FEF4FA2817B7658B00AAAC63 /* Release */ = {
			isa = XCBuildConfiguration;
			buildSettings = {
				BUNDLE_LOADER = "$(BUILT_PRODUCTS_DIR)/imapro.app/Contents/MacOS/imapro";
				COMBINE_HIDPI_IMAGES = YES;
				FRAMEWORK_SEARCH_PATHS = "\"$(DEVELOPER_LIBRARY_DIR)/Frameworks\"";
				GCC_PRECOMPILE_PREFIX_HEADER = YES;
				GCC_PREFIX_HEADER = "imapro/imapro-Prefix.pch";
				INFOPLIST_FILE = "imaproTests/imaproTests-Info.plist";
				PRODUCT_NAME = "$(TARGET_NAME)";
				TEST_HOST = "$(BUNDLE_LOADER)";
				WRAPPER_EXTENSION = octest;
			};
			name = Release;
		};
/* End XCBuildConfiguration section */

/* Begin XCConfigurationList section */
		FEF4F9ED17B7658B00AAAC63 /* Build configuration list for PBXProject "imapro" */ = {
			isa = XCConfigurationList;
			buildConfigurations = (
				FEF4FA2117B7658B00AAAC63 /* Debug */,
				FEF4FA2217B7658B00AAAC63 /* Release */,
			);
			defaultConfigurationIsVisible = 0;
			defaultConfigurationName = Release;
		};
		FEF4FA2317B7658B00AAAC63 /* Build configuration list for PBXNativeTarget "imapro" */ = {
			isa = XCConfigurationList;
			buildConfigurations = (
				FEF4FA2417B7658B00AAAC63 /* Debug */,
				FEF4FA2517B7658B00AAAC63 /* Release */,
			);
			defaultConfigurationIsVisible = 0;
			defaultConfigurationName = Release;
		};
		FEF4FA2617B7658B00AAAC63 /* Build configuration list for PBXNativeTarget "imaproTests" */ = {
			isa = XCConfigurationList;
			buildConfigurations = (
				FEF4FA2717B7658B00AAAC63 /* Debug */,
				FEF4FA2817B7658B00AAAC63 /* Release */,
			);
			defaultConfigurationIsVisible = 0;
			defaultConfigurationName = Release;
		};
/* End XCConfigurationList section */
	};
	rootObject = FEF4F9EA17B7658B00AAAC63 /* Project object */;
}
